
Microsoft Visual Studio Solution File, Format Version 12.00
# Visual Studio Version 17
VisualStudioVersion = 17.2.32630.192
MinimumVisualStudioVersion = 10.0.40219.1
Project("{FAE04EC0-301F-11D3-BF4B-00C04F79EFBC}") = "netmon.core", "netmon.core\netmon.core.csproj", "{862CA287-6A14-479E-853A-378479C8D9C1}"
EndProject
Project("{FAE04EC0-301F-11D3-BF4B-00C04F79EFBC}") = "netmon.core.tests", "netmon.core.tests\netmon.core.tests.csproj", "{79398573-0F30-4B2C-921A-9863C331DACA}"
EndProject
Global
	GlobalSection(SolutionConfigurationPlatforms) = preSolution
		Debug|Any CPU = Debug|Any CPU
		Release|Any CPU = Release|Any CPU
	EndGlobalSection
	GlobalSection(ProjectConfigurationPlatforms) = postSolution
		{862CA287-6A14-479E-853A-378479C8D9C1}.Debug|Any CPU.ActiveCfg = Debug|Any CPU
		{862CA287-6A14-479E-853A-378479C8D9C1}.Debug|Any CPU.Build.0 = Debug|Any CPU
		{862CA287-6A14-479E-853A-378479C8D9C1}.Release|Any CPU.ActiveCfg = Release|Any CPU
		{862CA287-6A14-479E-853A-378479C8D9C1}.Release|Any CPU.Build.0 = Release|Any CPU
		{79398573-0F30-4B2C-921A-9863C331DACA}.Debug|Any CPU.ActiveCfg = Debug|Any CPU
		{79398573-0F30-4B2C-921A-9863C331DACA}.Debug|Any CPU.Build.0 = Debug|Any CPU
		{79398573-0F30-4B2C-921A-9863C331DACA}.Release|Any CPU.ActiveCfg = Release|Any CPU
		{79398573-0F30-4B2C-921A-9863C331DACA}.Release|Any CPU.Build.0 = Release|Any CPU
	EndGlobalSection
	GlobalSection(SolutionProperties) = preSolution
		HideSolutionNode = FALSE
	EndGlobalSection
	GlobalSection(ExtensibilityGlobals) = postSolution
		SolutionGuid = {004074C5-59C6-4D69-BB3B-AA8409CCFD55}
	EndGlobalSection
EndGlobal
