
Microsoft Visual Studio Solution File, Format Version 12.00
# Visual Studio Version 17
VisualStudioVersion = 17.2.32630.192
MinimumVisualStudioVersion = 10.0.40219.1
Project("{9A19103F-16F7-4668-BE54-9A1E7A4F7556}") = "netmon.domain.tests", "netmon.core.tests\netmon.domain.tests.csproj", "{47B53F2C-9D2C-4437-8903-3A5B416642C4}"
EndProject
Project("{2150E333-8FDC-42A3-9474-1A3956D46DE8}") = "Solution Items", "Solution Items", "{D2BF152F-23FE-4F78-A0E2-C084A7BA7F1D}"
	ProjectSection(SolutionItems) = preProject
		..\.gitignore = ..\.gitignore
		Coverage.bat = Coverage.bat
		notes.md = notes.md
		..\README.md = ..\README.md
		solution.md = solution.md
		testing.md = testing.md
		..\usage.md = ..\usage.md
	EndProjectSection
EndProject
Project("{E53339B2-1760-4266-BCC7-CA923CBCF16C}") = "docker-compose", "docker-compose.dcproj", "{AE1C3ADD-7B81-4701-B6CB-2AA473CE5512}"
EndProject
Project("{9A19103F-16F7-4668-BE54-9A1E7A4F7556}") = "netmon.cli.store", "netmon.cli.store\netmon.cli.store.csproj", "{2ABB8015-9745-41F1-9022-30D7ADE80F3F}"
EndProject
Project("{9A19103F-16F7-4668-BE54-9A1E7A4F7556}") = "netmon.domain", "netmon.domain\netmon.domain.csproj", "{30AB9B9D-25E9-408C-BDA7-EBCF4E294160}"
EndProject
Project("{9A19103F-16F7-4668-BE54-9A1E7A4F7556}") = "netmon.cli.shared", "netmon.cli.shared\netmon.cli.shared.csproj", "{CB77869A-9767-4860-9CCD-152779E2A4BC}"
EndProject
Project("{9A19103F-16F7-4668-BE54-9A1E7A4F7556}") = "netmon.cli.monitor", "netmon.cli.monitor\netmon.cli.monitor.csproj", "{F20B2ADB-A5DA-4868-83B2-0FF1D25A9385}"
EndProject
Global
	GlobalSection(SolutionConfigurationPlatforms) = preSolution
		Debug|Any CPU = Debug|Any CPU
		Release|Any CPU = Release|Any CPU
	EndGlobalSection
	GlobalSection(ProjectConfigurationPlatforms) = postSolution
		{47B53F2C-9D2C-4437-8903-3A5B416642C4}.Debug|Any CPU.ActiveCfg = Debug|Any CPU
		{47B53F2C-9D2C-4437-8903-3A5B416642C4}.Debug|Any CPU.Build.0 = Debug|Any CPU
		{47B53F2C-9D2C-4437-8903-3A5B416642C4}.Release|Any CPU.ActiveCfg = Release|Any CPU
		{47B53F2C-9D2C-4437-8903-3A5B416642C4}.Release|Any CPU.Build.0 = Release|Any CPU
		{AE1C3ADD-7B81-4701-B6CB-2AA473CE5512}.Debug|Any CPU.ActiveCfg = Debug|Any CPU
		{AE1C3ADD-7B81-4701-B6CB-2AA473CE5512}.Debug|Any CPU.Build.0 = Debug|Any CPU
		{AE1C3ADD-7B81-4701-B6CB-2AA473CE5512}.Release|Any CPU.ActiveCfg = Release|Any CPU
		{AE1C3ADD-7B81-4701-B6CB-2AA473CE5512}.Release|Any CPU.Build.0 = Release|Any CPU
		{2ABB8015-9745-41F1-9022-30D7ADE80F3F}.Debug|Any CPU.ActiveCfg = Debug|Any CPU
		{2ABB8015-9745-41F1-9022-30D7ADE80F3F}.Debug|Any CPU.Build.0 = Debug|Any CPU
		{2ABB8015-9745-41F1-9022-30D7ADE80F3F}.Release|Any CPU.ActiveCfg = Release|Any CPU
		{2ABB8015-9745-41F1-9022-30D7ADE80F3F}.Release|Any CPU.Build.0 = Release|Any CPU
		{30AB9B9D-25E9-408C-BDA7-EBCF4E294160}.Debug|Any CPU.ActiveCfg = Debug|Any CPU
		{30AB9B9D-25E9-408C-BDA7-EBCF4E294160}.Debug|Any CPU.Build.0 = Debug|Any CPU
		{30AB9B9D-25E9-408C-BDA7-EBCF4E294160}.Release|Any CPU.ActiveCfg = Release|Any CPU
		{30AB9B9D-25E9-408C-BDA7-EBCF4E294160}.Release|Any CPU.Build.0 = Release|Any CPU
		{CB77869A-9767-4860-9CCD-152779E2A4BC}.Debug|Any CPU.ActiveCfg = Debug|Any CPU
		{CB77869A-9767-4860-9CCD-152779E2A4BC}.Debug|Any CPU.Build.0 = Debug|Any CPU
		{CB77869A-9767-4860-9CCD-152779E2A4BC}.Release|Any CPU.ActiveCfg = Release|Any CPU
		{CB77869A-9767-4860-9CCD-152779E2A4BC}.Release|Any CPU.Build.0 = Release|Any CPU
		{F20B2ADB-A5DA-4868-83B2-0FF1D25A9385}.Debug|Any CPU.ActiveCfg = Debug|Any CPU
		{F20B2ADB-A5DA-4868-83B2-0FF1D25A9385}.Debug|Any CPU.Build.0 = Debug|Any CPU
		{F20B2ADB-A5DA-4868-83B2-0FF1D25A9385}.Release|Any CPU.ActiveCfg = Release|Any CPU
		{F20B2ADB-A5DA-4868-83B2-0FF1D25A9385}.Release|Any CPU.Build.0 = Release|Any CPU
	EndGlobalSection
	GlobalSection(SolutionProperties) = preSolution
		HideSolutionNode = FALSE
	EndGlobalSection
	GlobalSection(ExtensibilityGlobals) = postSolution
		SolutionGuid = {004074C5-59C6-4D69-BB3B-AA8409CCFD55}
	EndGlobalSection
EndGlobal
