
Microsoft Visual Studio Solution File, Format Version 12.00
# Visual Studio Version 17
VisualStudioVersion = 17.2.32630.192
MinimumVisualStudioVersion = 10.0.40219.1
Project("{9A19103F-16F7-4668-BE54-9A1E7A4F7556}") = "netmon.core", "netmon.core\netmon.core.csproj", "{B7596945-9EE6-4450-BFA4-C1AA232A3DB8}"
EndProject
Project("{9A19103F-16F7-4668-BE54-9A1E7A4F7556}") = "netmon.core.tests", "netmon.core.tests\netmon.core.tests.csproj", "{47B53F2C-9D2C-4437-8903-3A5B416642C4}"
EndProject
Project("{2150E333-8FDC-42A3-9474-1A3956D46DE8}") = "Solution Items", "Solution Items", "{D2BF152F-23FE-4F78-A0E2-C084A7BA7F1D}"
	ProjectSection(SolutionItems) = preProject
		..\.gitignore = ..\.gitignore
		Coverage.bat = Coverage.bat
		notes.md = notes.md
		..\README.md = ..\README.md
		solution.md = solution.md
		..\usage.md = ..\usage.md
	EndProjectSection
EndProject
Global
	GlobalSection(SolutionConfigurationPlatforms) = preSolution
		Debug|Any CPU = Debug|Any CPU
		Release|Any CPU = Release|Any CPU
	EndGlobalSection
	GlobalSection(ProjectConfigurationPlatforms) = postSolution
		{B7596945-9EE6-4450-BFA4-C1AA232A3DB8}.Debug|Any CPU.ActiveCfg = Debug|Any CPU
		{B7596945-9EE6-4450-BFA4-C1AA232A3DB8}.Debug|Any CPU.Build.0 = Debug|Any CPU
		{B7596945-9EE6-4450-BFA4-C1AA232A3DB8}.Release|Any CPU.ActiveCfg = Release|Any CPU
		{B7596945-9EE6-4450-BFA4-C1AA232A3DB8}.Release|Any CPU.Build.0 = Release|Any CPU
		{47B53F2C-9D2C-4437-8903-3A5B416642C4}.Debug|Any CPU.ActiveCfg = Debug|Any CPU
		{47B53F2C-9D2C-4437-8903-3A5B416642C4}.Debug|Any CPU.Build.0 = Debug|Any CPU
		{47B53F2C-9D2C-4437-8903-3A5B416642C4}.Release|Any CPU.ActiveCfg = Release|Any CPU
		{47B53F2C-9D2C-4437-8903-3A5B416642C4}.Release|Any CPU.Build.0 = Release|Any CPU
	EndGlobalSection
	GlobalSection(SolutionProperties) = preSolution
		HideSolutionNode = FALSE
	EndGlobalSection
	GlobalSection(ExtensibilityGlobals) = postSolution
		SolutionGuid = {004074C5-59C6-4D69-BB3B-AA8409CCFD55}
	EndGlobalSection
EndGlobal
